
Microsoft Visual Studio Solution File, Format Version 12.00
# Visual Studio Version 16
VisualStudioVersion = 16.0.29806.167
MinimumVisualStudioVersion = 10.0.40219.1
Project("{FAE04EC0-301F-11D3-BF4B-00C04F79EFBC}") = "AceToCapTool", "AceToCapTool\AceToCapTool.csproj", "{ABA90D43-9535-4E9A-8742-D62A2B4854C4}"
EndProject
Global
	GlobalSection(SolutionConfigurationPlatforms) = preSolution
		Debug|Any CPU = Debug|Any CPU
		Release|Any CPU = Release|Any CPU
	EndGlobalSection
	GlobalSection(ProjectConfigurationPlatforms) = postSolution
		{ABA90D43-9535-4E9A-8742-D62A2B4854C4}.Debug|Any CPU.ActiveCfg = Debug|Any CPU
		{ABA90D43-9535-4E9A-8742-D62A2B4854C4}.Debug|Any CPU.Build.0 = Debug|Any CPU
		{ABA90D43-9535-4E9A-8742-D62A2B4854C4}.Release|Any CPU.ActiveCfg = Release|Any CPU
		{ABA90D43-9535-4E9A-8742-D62A2B4854C4}.Release|Any CPU.Build.0 = Release|Any CPU
	EndGlobalSection
	GlobalSection(SolutionProperties) = preSolution
		HideSolutionNode = FALSE
	EndGlobalSection
	GlobalSection(ExtensibilityGlobals) = postSolution
		SolutionGuid = {76FFA3DB-524F-4A45-845C-2C01C4C3BA3D}
	EndGlobalSection
EndGlobal
